// !$*UTF8*$!
{
	archiveVersion = 1;
	classes = {
	};
	objectVersion = 56;
	objects = {

/* Begin PBXBuildFile section */
		4F0DB6642C7D7B0B00DC8D02 /* MyTasksApp.swift in Sources */ = {isa = PBXBuildFile; fileRef = 4F0DB6632C7D7B0B00DC8D02 /* MyTasksApp.swift */; };
		4F0DB6662C7D7B0B00DC8D02 /* ContentView.swift in Sources */ = {isa = PBXBuildFile; fileRef = 4F0DB6652C7D7B0B00DC8D02 /* ContentView.swift */; };
		4F0DB6682C7D7B0E00DC8D02 /* Assets.xcassets in Resources */ = {isa = PBXBuildFile; fileRef = 4F0DB6672C7D7B0E00DC8D02 /* Assets.xcassets */; };
		4F0DB66B2C7D7B0E00DC8D02 /* Preview Assets.xcassets in Resources */ = {isa = PBXBuildFile; fileRef = 4F0DB66A2C7D7B0E00DC8D02 /* Preview Assets.xcassets */; };
		4F0DB6782C7D7F0700DC8D02 /* TaskListView.swift in Sources */ = {isa = PBXBuildFile; fileRef = 4F0DB6772C7D7F0700DC8D02 /* TaskListView.swift */; };
		4F0DB67A2C7D7F2200DC8D02 /* TaskModel.swift in Sources */ = {isa = PBXBuildFile; fileRef = 4F0DB6792C7D7F2200DC8D02 /* TaskModel.swift */; };
		4F0DB67D2C7D7F4200DC8D02 /* TaskViewModel.swift in Sources */ = {isa = PBXBuildFile; fileRef = 4F0DB67C2C7D7F4200DC8D02 /* TaskViewModel.swift */; };
		4F0DB6802C7D7FC200DC8D02 /* CoreDataManager.swift in Sources */ = {isa = PBXBuildFile; fileRef = 4F0DB67F2C7D7FC200DC8D02 /* CoreDataManager.swift */; };
		4F0DB6842C7D800A00DC8D02 /* TaskCoreData.xcdatamodeld in Sources */ = {isa = PBXBuildFile; fileRef = 4F0DB6822C7D800A00DC8D02 /* TaskCoreData.xcdatamodeld */; };
		4FD8CF1F2C7DC012005846F6 /* TaskCD+CoreDataClass.swift in Sources */ = {isa = PBXBuildFile; fileRef = 4FD8CF1D2C7DC012005846F6 /* TaskCD+CoreDataClass.swift */; };
		4FD8CF202C7DC012005846F6 /* TaskCD+CoreDataProperties.swift in Sources */ = {isa = PBXBuildFile; fileRef = 4FD8CF1E2C7DC012005846F6 /* TaskCD+CoreDataProperties.swift */; };
/* End PBXBuildFile section */

/* Begin PBXFileReference section */
		4F0DB6602C7D7B0B00DC8D02 /* MyTasks.app */ = {isa = PBXFileReference; explicitFileType = wrapper.application; includeInIndex = 0; path = MyTasks.app; sourceTree = BUILT_PRODUCTS_DIR; };
		4F0DB6632C7D7B0B00DC8D02 /* MyTasksApp.swift */ = {isa = PBXFileReference; lastKnownFileType = sourcecode.swift; path = MyTasksApp.swift; sourceTree = "<group>"; };
		4F0DB6652C7D7B0B00DC8D02 /* ContentView.swift */ = {isa = PBXFileReference; lastKnownFileType = sourcecode.swift; path = ContentView.swift; sourceTree = "<group>"; };
		4F0DB6672C7D7B0E00DC8D02 /* Assets.xcassets */ = {isa = PBXFileReference; lastKnownFileType = folder.assetcatalog; path = Assets.xcassets; sourceTree = "<group>"; };
		4F0DB66A2C7D7B0E00DC8D02 /* Preview Assets.xcassets */ = {isa = PBXFileReference; lastKnownFileType = folder.assetcatalog; path = "Preview Assets.xcassets"; sourceTree = "<group>"; };
		4F0DB6772C7D7F0700DC8D02 /* TaskListView.swift */ = {isa = PBXFileReference; lastKnownFileType = sourcecode.swift; path = TaskListView.swift; sourceTree = "<group>"; };
		4F0DB6792C7D7F2200DC8D02 /* TaskModel.swift */ = {isa = PBXFileReference; lastKnownFileType = sourcecode.swift; path = TaskModel.swift; sourceTree = "<group>"; };
		4F0DB67C2C7D7F4200DC8D02 /* TaskViewModel.swift */ = {isa = PBXFileReference; lastKnownFileType = sourcecode.swift; path = TaskViewModel.swift; sourceTree = "<group>"; };
		4F0DB67F2C7D7FC200DC8D02 /* CoreDataManager.swift */ = {isa = PBXFileReference; lastKnownFileType = sourcecode.swift; path = CoreDataManager.swift; sourceTree = "<group>"; };
		4F0DB6832C7D800A00DC8D02 /* TaskCoreData.xcdatamodel */ = {isa = PBXFileReference; lastKnownFileType = wrapper.xcdatamodel; path = TaskCoreData.xcdatamodel; sourceTree = "<group>"; };
		4FD8CF1D2C7DC012005846F6 /* TaskCD+CoreDataClass.swift */ = {isa = PBXFileReference; lastKnownFileType = sourcecode.swift; path = "TaskCD+CoreDataClass.swift"; sourceTree = "<group>"; };
		4FD8CF1E2C7DC012005846F6 /* TaskCD+CoreDataProperties.swift */ = {isa = PBXFileReference; lastKnownFileType = sourcecode.swift; path = "TaskCD+CoreDataProperties.swift"; sourceTree = "<group>"; };
/* End PBXFileReference section */

/* Begin PBXFrameworksBuildPhase section */
		4F0DB65D2C7D7B0B00DC8D02 /* Frameworks */ = {
			isa = PBXFrameworksBuildPhase;
			buildActionMask = 2147483647;
			files = (
			);
			runOnlyForDeploymentPostprocessing = 0;
		};
/* End PBXFrameworksBuildPhase section */

/* Begin PBXGroup section */
		4F0DB6572C7D7B0B00DC8D02 = {
			isa = PBXGroup;
			children = (
				4F0DB6622C7D7B0B00DC8D02 /* MyTasks */,
				4F0DB6612C7D7B0B00DC8D02 /* Products */,
			);
			sourceTree = "<group>";
		};
		4F0DB6612C7D7B0B00DC8D02 /* Products */ = {
			isa = PBXGroup;
			children = (
				4F0DB6602C7D7B0B00DC8D02 /* MyTasks.app */,
			);
			name = Products;
			sourceTree = "<group>";
		};
		4F0DB6622C7D7B0B00DC8D02 /* MyTasks */ = {
			isa = PBXGroup;
			children = (
				4F0DB6722C7D7EA200DC8D02 /* Apps */,
				4F0DB6712C7D7E9500DC8D02 /* Shared */,
				4F0DB6632C7D7B0B00DC8D02 /* MyTasksApp.swift */,
				4F0DB6652C7D7B0B00DC8D02 /* ContentView.swift */,
				4F0DB6672C7D7B0E00DC8D02 /* Assets.xcassets */,
				4F0DB6692C7D7B0E00DC8D02 /* Preview Content */,
			);
			path = MyTasks;
			sourceTree = "<group>";
		};
		4F0DB6692C7D7B0E00DC8D02 /* Preview Content */ = {
			isa = PBXGroup;
			children = (
				4F0DB66A2C7D7B0E00DC8D02 /* Preview Assets.xcassets */,
			);
			path = "Preview Content";
			sourceTree = "<group>";
		};
		4F0DB6712C7D7E9500DC8D02 /* Shared */ = {
			isa = PBXGroup;
			children = (
				4F0DB67E2C7D7FAF00DC8D02 /* CoreDataManager */,
			);
			path = Shared;
			sourceTree = "<group>";
		};
		4F0DB6722C7D7EA200DC8D02 /* Apps */ = {
			isa = PBXGroup;
			children = (
				4F0DB6732C7D7EC800DC8D02 /* Task */,
			);
			path = Apps;
			sourceTree = "<group>";
		};
		4F0DB6732C7D7EC800DC8D02 /* Task */ = {
			isa = PBXGroup;
			children = (
				4F0DB67B2C7D7F2C00DC8D02 /* ViewModels */,
				4F0DB6762C7D7EEA00DC8D02 /* Views */,
				4F0DB6742C7D7ECF00DC8D02 /* Models */,
			);
			path = Task;
			sourceTree = "<group>";
		};
		4F0DB6742C7D7ECF00DC8D02 /* Models */ = {
			isa = PBXGroup;
			children = (
				4F0DB6812C7D7FE500DC8D02 /* CoreData */,
				4F0DB6792C7D7F2200DC8D02 /* TaskModel.swift */,
			);
			path = Models;
			sourceTree = "<group>";
		};
		4F0DB6762C7D7EEA00DC8D02 /* Views */ = {
			isa = PBXGroup;
			children = (
				4F0DB6772C7D7F0700DC8D02 /* TaskListView.swift */,
			);
			path = Views;
			sourceTree = "<group>";
		};
		4F0DB67B2C7D7F2C00DC8D02 /* ViewModels */ = {
			isa = PBXGroup;
			children = (
				4F0DB67C2C7D7F4200DC8D02 /* TaskViewModel.swift */,
			);
			path = ViewModels;
			sourceTree = "<group>";
		};
		4F0DB67E2C7D7FAF00DC8D02 /* CoreDataManager */ = {
			isa = PBXGroup;
			children = (
				4F0DB67F2C7D7FC200DC8D02 /* CoreDataManager.swift */,
			);
			path = CoreDataManager;
			sourceTree = "<group>";
		};
		4F0DB6812C7D7FE500DC8D02 /* CoreData */ = {
			isa = PBXGroup;
			children = (
				4FD8CF1D2C7DC012005846F6 /* TaskCD+CoreDataClass.swift */,
				4FD8CF1E2C7DC012005846F6 /* TaskCD+CoreDataProperties.swift */,
				4F0DB6822C7D800A00DC8D02 /* TaskCoreData.xcdatamodeld */,
			);
			path = CoreData;
			sourceTree = "<group>";
		};
/* End PBXGroup section */

/* Begin PBXNativeTarget section */
		4F0DB65F2C7D7B0B00DC8D02 /* MyTasks */ = {
			isa = PBXNativeTarget;
			buildConfigurationList = 4F0DB66E2C7D7B0E00DC8D02 /* Build configuration list for PBXNativeTarget "MyTasks" */;
			buildPhases = (
				4F0DB65C2C7D7B0B00DC8D02 /* Sources */,
				4F0DB65D2C7D7B0B00DC8D02 /* Frameworks */,
				4F0DB65E2C7D7B0B00DC8D02 /* Resources */,
			);
			buildRules = (
			);
			dependencies = (
			);
			name = MyTasks;
			productName = MyTasks;
			productReference = 4F0DB6602C7D7B0B00DC8D02 /* MyTasks.app */;
			productType = "com.apple.product-type.application";
		};
/* End PBXNativeTarget section */

/* Begin PBXProject section */
		4F0DB6582C7D7B0B00DC8D02 /* Project object */ = {
			isa = PBXProject;
			attributes = {
				BuildIndependentTargetsInParallel = 1;
				LastSwiftUpdateCheck = 1520;
				LastUpgradeCheck = 1520;
				TargetAttributes = {
					4F0DB65F2C7D7B0B00DC8D02 = {
						CreatedOnToolsVersion = 15.2;
					};
				};
			};
			buildConfigurationList = 4F0DB65B2C7D7B0B00DC8D02 /* Build configuration list for PBXProject "MyTasks" */;
			compatibilityVersion = "Xcode 14.0";
			developmentRegion = en;
			hasScannedForEncodings = 0;
			knownRegions = (
				en,
				Base,
			);
			mainGroup = 4F0DB6572C7D7B0B00DC8D02;
			productRefGroup = 4F0DB6612C7D7B0B00DC8D02 /* Products */;
			projectDirPath = "";
			projectRoot = "";
			targets = (
				4F0DB65F2C7D7B0B00DC8D02 /* MyTasks */,
			);
		};
/* End PBXProject section */

/* Begin PBXResourcesBuildPhase section */
		4F0DB65E2C7D7B0B00DC8D02 /* Resources */ = {
			isa = PBXResourcesBuildPhase;
			buildActionMask = 2147483647;
			files = (
				4F0DB66B2C7D7B0E00DC8D02 /* Preview Assets.xcassets in Resources */,
				4F0DB6682C7D7B0E00DC8D02 /* Assets.xcassets in Resources */,
			);
			runOnlyForDeploymentPostprocessing = 0;
		};
/* End PBXResourcesBuildPhase section */

/* Begin PBXSourcesBuildPhase section */
		4F0DB65C2C7D7B0B00DC8D02 /* Sources */ = {
			isa = PBXSourcesBuildPhase;
			buildActionMask = 2147483647;
			files = (
				4FD8CF202C7DC012005846F6 /* TaskCD+CoreDataProperties.swift in Sources */,
				4F0DB6802C7D7FC200DC8D02 /* CoreDataManager.swift in Sources */,
				4F0DB6662C7D7B0B00DC8D02 /* ContentView.swift in Sources */,
				4F0DB6842C7D800A00DC8D02 /* TaskCoreData.xcdatamodeld in Sources */,
				4FD8CF1F2C7DC012005846F6 /* TaskCD+CoreDataClass.swift in Sources */,
				4F0DB6642C7D7B0B00DC8D02 /* MyTasksApp.swift in Sources */,
				4F0DB67A2C7D7F2200DC8D02 /* TaskModel.swift in Sources */,
				4F0DB67D2C7D7F4200DC8D02 /* TaskViewModel.swift in Sources */,
				4F0DB6782C7D7F0700DC8D02 /* TaskListView.swift in Sources */,
			);
			runOnlyForDeploymentPostprocessing = 0;
		};
/* End PBXSourcesBuildPhase section */

/* Begin XCBuildConfiguration section */
		4F0DB66C2C7D7B0E00DC8D02 /* Debug */ = {
			isa = XCBuildConfiguration;
			buildSettings = {
				ALWAYS_SEARCH_USER_PATHS = NO;
				ASSETCATALOG_COMPILER_GENERATE_SWIFT_ASSET_SYMBOL_EXTENSIONS = YES;
				CLANG_ANALYZER_NONNULL = YES;
				CLANG_ANALYZER_NUMBER_OBJECT_CONVERSION = YES_AGGRESSIVE;
				CLANG_CXX_LANGUAGE_STANDARD = "gnu++20";
				CLANG_ENABLE_MODULES = YES;
				CLANG_ENABLE_OBJC_ARC = YES;
				CLANG_ENABLE_OBJC_WEAK = YES;
				CLANG_WARN_BLOCK_CAPTURE_AUTORELEASING = YES;
				CLANG_WARN_BOOL_CONVERSION = YES;
				CLANG_WARN_COMMA = YES;
				CLANG_WARN_CONSTANT_CONVERSION = YES;
				CLANG_WARN_DEPRECATED_OBJC_IMPLEMENTATIONS = YES;
				CLANG_WARN_DIRECT_OBJC_ISA_USAGE = YES_ERROR;
				CLANG_WARN_DOCUMENTATION_COMMENTS = YES;
				CLANG_WARN_EMPTY_BODY = YES;
				CLANG_WARN_ENUM_CONVERSION = YES;
				CLANG_WARN_INFINITE_RECURSION = YES;
				CLANG_WARN_INT_CONVERSION = YES;
				CLANG_WARN_NON_LITERAL_NULL_CONVERSION = YES;
				CLANG_WARN_OBJC_IMPLICIT_RETAIN_SELF = YES;
				CLANG_WARN_OBJC_LITERAL_CONVERSION = YES;
				CLANG_WARN_OBJC_ROOT_CLASS = YES_ERROR;
				CLANG_WARN_QUOTED_INCLUDE_IN_FRAMEWORK_HEADER = YES;
				CLANG_WARN_RANGE_LOOP_ANALYSIS = YES;
				CLANG_WARN_STRICT_PROTOTYPES = YES;
				CLANG_WARN_SUSPICIOUS_MOVE = YES;
				CLANG_WARN_UNGUARDED_AVAILABILITY = YES_AGGRESSIVE;
				CLANG_WARN_UNREACHABLE_CODE = YES;
				CLANG_WARN__DUPLICATE_METHOD_MATCH = YES;
				COPY_PHASE_STRIP = NO;
				DEBUG_INFORMATION_FORMAT = dwarf;
				ENABLE_STRICT_OBJC_MSGSEND = YES;
				ENABLE_TESTABILITY = YES;
				ENABLE_USER_SCRIPT_SANDBOXING = YES;
				GCC_C_LANGUAGE_STANDARD = gnu17;
				GCC_DYNAMIC_NO_PIC = NO;
				GCC_NO_COMMON_BLOCKS = YES;
				GCC_OPTIMIZATION_LEVEL = 0;
				GCC_PREPROCESSOR_DEFINITIONS = (
					"DEBUG=1",
					"$(inherited)",
				);
				GCC_WARN_64_TO_32_BIT_CONVERSION = YES;
				GCC_WARN_ABOUT_RETURN_TYPE = YES_ERROR;
				GCC_WARN_UNDECLARED_SELECTOR = YES;
				GCC_WARN_UNINITIALIZED_AUTOS = YES_AGGRESSIVE;
				GCC_WARN_UNUSED_FUNCTION = YES;
				GCC_WARN_UNUSED_VARIABLE = YES;
				IPHONEOS_DEPLOYMENT_TARGET = 17.2;
				LOCALIZATION_PREFERS_STRING_CATALOGS = YES;
				MTL_ENABLE_DEBUG_INFO = INCLUDE_SOURCE;
				MTL_FAST_MATH = YES;
				ONLY_ACTIVE_ARCH = YES;
				SDKROOT = iphoneos;
				SWIFT_ACTIVE_COMPILATION_CONDITIONS = "DEBUG $(inherited)";
				SWIFT_OPTIMIZATION_LEVEL = "-Onone";
			};
			name = Debug;
		};
		4F0DB66D2C7D7B0E00DC8D02 /* Release */ = {
			isa = XCBuildConfiguration;
			buildSettings = {
				ALWAYS_SEARCH_USER_PATHS = NO;
				ASSETCATALOG_COMPILER_GENERATE_SWIFT_ASSET_SYMBOL_EXTENSIONS = YES;
				CLANG_ANALYZER_NONNULL = YES;
				CLANG_ANALYZER_NUMBER_OBJECT_CONVERSION = YES_AGGRESSIVE;
				CLANG_CXX_LANGUAGE_STANDARD = "gnu++20";
				CLANG_ENABLE_MODULES = YES;
				CLANG_ENABLE_OBJC_ARC = YES;
				CLANG_ENABLE_OBJC_WEAK = YES;
				CLANG_WARN_BLOCK_CAPTURE_AUTORELEASING = YES;
				CLANG_WARN_BOOL_CONVERSION = YES;
				CLANG_WARN_COMMA = YES;
				CLANG_WARN_CONSTANT_CONVERSION = YES;
				CLANG_WARN_DEPRECATED_OBJC_IMPLEMENTATIONS = YES;
				CLANG_WARN_DIRECT_OBJC_ISA_USAGE = YES_ERROR;
				CLANG_WARN_DOCUMENTATION_COMMENTS = YES;
				CLANG_WARN_EMPTY_BODY = YES;
				CLANG_WARN_ENUM_CONVERSION = YES;
				CLANG_WARN_INFINITE_RECURSION = YES;
				CLANG_WARN_INT_CONVERSION = YES;
				CLANG_WARN_NON_LITERAL_NULL_CONVERSION = YES;
				CLANG_WARN_OBJC_IMPLICIT_RETAIN_SELF = YES;
				CLANG_WARN_OBJC_LITERAL_CONVERSION = YES;
				CLANG_WARN_OBJC_ROOT_CLASS = YES_ERROR;
				CLANG_WARN_QUOTED_INCLUDE_IN_FRAMEWORK_HEADER = YES;
				CLANG_WARN_RANGE_LOOP_ANALYSIS = YES;
				CLANG_WARN_STRICT_PROTOTYPES = YES;
				CLANG_WARN_SUSPICIOUS_MOVE = YES;
				CLANG_WARN_UNGUARDED_AVAILABILITY = YES_AGGRESSIVE;
				CLANG_WARN_UNREACHABLE_CODE = YES;
				CLANG_WARN__DUPLICATE_METHOD_MATCH = YES;
				COPY_PHASE_STRIP = NO;
				DEBUG_INFORMATION_FORMAT = "dwarf-with-dsym";
				ENABLE_NS_ASSERTIONS = NO;
				ENABLE_STRICT_OBJC_MSGSEND = YES;
				ENABLE_USER_SCRIPT_SANDBOXING = YES;
				GCC_C_LANGUAGE_STANDARD = gnu17;
				GCC_NO_COMMON_BLOCKS = YES;
				GCC_WARN_64_TO_32_BIT_CONVERSION = YES;
				GCC_WARN_ABOUT_RETURN_TYPE = YES_ERROR;
				GCC_WARN_UNDECLARED_SELECTOR = YES;
				GCC_WARN_UNINITIALIZED_AUTOS = YES_AGGRESSIVE;
				GCC_WARN_UNUSED_FUNCTION = YES;
				GCC_WARN_UNUSED_VARIABLE = YES;
				IPHONEOS_DEPLOYMENT_TARGET = 17.2;
				LOCALIZATION_PREFERS_STRING_CATALOGS = YES;
				MTL_ENABLE_DEBUG_INFO = NO;
				MTL_FAST_MATH = YES;
				SDKROOT = iphoneos;
				SWIFT_COMPILATION_MODE = wholemodule;
				VALIDATE_PRODUCT = YES;
			};
			name = Release;
		};
		4F0DB66F2C7D7B0E00DC8D02 /* Debug */ = {
			isa = XCBuildConfiguration;
			buildSettings = {
				ASSETCATALOG_COMPILER_APPICON_NAME = AppIcon;
				ASSETCATALOG_COMPILER_GLOBAL_ACCENT_COLOR_NAME = AccentColor;
				CODE_SIGN_STYLE = Automatic;
				CURRENT_PROJECT_VERSION = 1;
				DEVELOPMENT_ASSET_PATHS = "\"MyTasks/Preview Content\"";
				DEVELOPMENT_TEAM = 3B3L9TV472;
				ENABLE_PREVIEWS = YES;
				GENERATE_INFOPLIST_FILE = YES;
				INFOPLIST_KEY_UIApplicationSceneManifest_Generation = YES;
				INFOPLIST_KEY_UIApplicationSupportsIndirectInputEvents = YES;
				INFOPLIST_KEY_UILaunchScreen_Generation = YES;
				INFOPLIST_KEY_UISupportedInterfaceOrientations_iPad = "UIInterfaceOrientationPortrait UIInterfaceOrientationPortraitUpsideDown UIInterfaceOrientationLandscapeLeft UIInterfaceOrientationLandscapeRight";
				INFOPLIST_KEY_UISupportedInterfaceOrientations_iPhone = "UIInterfaceOrientationPortrait UIInterfaceOrientationLandscapeLeft UIInterfaceOrientationLandscapeRight";
				LD_RUNPATH_SEARCH_PATHS = (
					"$(inherited)",
					"@executable_path/Frameworks",
				);
				MARKETING_VERSION = 1.0;
				PRODUCT_BUNDLE_IDENTIFIER = com.CuongDD.MyTasks.MyTasks;
				PRODUCT_NAME = "$(TARGET_NAME)";
				SWIFT_EMIT_LOC_STRINGS = YES;
				SWIFT_VERSION = 5.0;
				TARGETED_DEVICE_FAMILY = "1,2";
			};
			name = Debug;
		};
		4F0DB6702C7D7B0E00DC8D02 /* Release */ = {
			isa = XCBuildConfiguration;
			buildSettings = {
				ASSETCATALOG_COMPILER_APPICON_NAME = AppIcon;
				ASSETCATALOG_COMPILER_GLOBAL_ACCENT_COLOR_NAME = AccentColor;
				CODE_SIGN_STYLE = Automatic;
				CURRENT_PROJECT_VERSION = 1;
				DEVELOPMENT_ASSET_PATHS = "\"MyTasks/Preview Content\"";
				DEVELOPMENT_TEAM = 3B3L9TV472;
				ENABLE_PREVIEWS = YES;
				GENERATE_INFOPLIST_FILE = YES;
				INFOPLIST_KEY_UIApplicationSceneManifest_Generation = YES;
				INFOPLIST_KEY_UIApplicationSupportsIndirectInputEvents = YES;
				INFOPLIST_KEY_UILaunchScreen_Generation = YES;
				INFOPLIST_KEY_UISupportedInterfaceOrientations_iPad = "UIInterfaceOrientationPortrait UIInterfaceOrientationPortraitUpsideDown UIInterfaceOrientationLandscapeLeft UIInterfaceOrientationLandscapeRight";
				INFOPLIST_KEY_UISupportedInterfaceOrientations_iPhone = "UIInterfaceOrientationPortrait UIInterfaceOrientationLandscapeLeft UIInterfaceOrientationLandscapeRight";
				LD_RUNPATH_SEARCH_PATHS = (
					"$(inherited)",
					"@executable_path/Frameworks",
				);
				MARKETING_VERSION = 1.0;
				PRODUCT_BUNDLE_IDENTIFIER = com.CuongDD.MyTasks.MyTasks;
				PRODUCT_NAME = "$(TARGET_NAME)";
				SWIFT_EMIT_LOC_STRINGS = YES;
				SWIFT_VERSION = 5.0;
				TARGETED_DEVICE_FAMILY = "1,2";
			};
			name = Release;
		};
/* End XCBuildConfiguration section */

/* Begin XCConfigurationList section */
		4F0DB65B2C7D7B0B00DC8D02 /* Build configuration list for PBXProject "MyTasks" */ = {
			isa = XCConfigurationList;
			buildConfigurations = (
				4F0DB66C2C7D7B0E00DC8D02 /* Debug */,
				4F0DB66D2C7D7B0E00DC8D02 /* Release */,
			);
			defaultConfigurationIsVisible = 0;
			defaultConfigurationName = Release;
		};
		4F0DB66E2C7D7B0E00DC8D02 /* Build configuration list for PBXNativeTarget "MyTasks" */ = {
			isa = XCConfigurationList;
			buildConfigurations = (
				4F0DB66F2C7D7B0E00DC8D02 /* Debug */,
				4F0DB6702C7D7B0E00DC8D02 /* Release */,
			);
			defaultConfigurationIsVisible = 0;
			defaultConfigurationName = Release;
		};
/* End XCConfigurationList section */

/* Begin XCVersionGroup section */
		4F0DB6822C7D800A00DC8D02 /* TaskCoreData.xcdatamodeld */ = {
			isa = XCVersionGroup;
			children = (
				4F0DB6832C7D800A00DC8D02 /* TaskCoreData.xcdatamodel */,
			);
			currentVersion = 4F0DB6832C7D800A00DC8D02 /* TaskCoreData.xcdatamodel */;
			path = TaskCoreData.xcdatamodeld;
			sourceTree = "<group>";
			versionGroupType = wrapper.xcdatamodel;
		};
/* End XCVersionGroup section */
	};
	rootObject = 4F0DB6582C7D7B0B00DC8D02 /* Project object */;
}
